
Microsoft Visual Studio Solution File, Format Version 12.00
# Visual Studio 15
VisualStudioVersion = 15.0.26403.3
MinimumVisualStudioVersion = 10.0.40219.1
Project("{FAE04EC0-301F-11D3-BF4B-00C04F79EFBC}") = "C_rank", "C_rank\C_rank.csproj", "{3C1E40A4-7B6E-4473-A5B1-0874429D5D7E}"
EndProject
Project("{FAE04EC0-301F-11D3-BF4B-00C04F79EFBC}") = "C_Rank2", "C_Rank2\C_Rank2.csproj", "{CCCA1436-C478-4CE0-8485-8681F1FF1332}"
EndProject
Project("{FAE04EC0-301F-11D3-BF4B-00C04F79EFBC}") = "B_Rank", "B_Rank\B_Rank.csproj", "{27BA126A-E849-4227-93BD-9A8B842439AF}"
EndProject
Project("{FAE04EC0-301F-11D3-BF4B-00C04F79EFBC}") = "A_Rank", "A_Rank\A_Rank.csproj", "{8999BFC5-D518-4ED2-B580-5D4919975599}"
EndProject
Project("{FAE04EC0-301F-11D3-BF4B-00C04F79EFBC}") = "S_Rank", "S_Rank\S_Rank.csproj", "{4046490F-6C57-4A2F-ACF0-2E14380DF014}"
EndProject
Project("{FAE04EC0-301F-11D3-BF4B-00C04F79EFBC}") = "Maize1", "Maize1\Maize1.csproj", "{BE00CFF7-9C53-41DD-8638-E0EA65DA36EC}"
EndProject
Project("{FAE04EC0-301F-11D3-BF4B-00C04F79EFBC}") = "Maze2_Queue", "Maze2\Maze2_Queue.csproj", "{7D25363E-68CE-4CEA-91AD-D2ABF2FC91DB}"
EndProject
Project("{FAE04EC0-301F-11D3-BF4B-00C04F79EFBC}") = "Maze3_stack", "Maze3_stack\Maze3_stack.csproj", "{E08E1721-16E6-428E-BB18-423D8AA4AD4B}"
EndProject
Project("{FAE04EC0-301F-11D3-BF4B-00C04F79EFBC}") = "源泉徴収", "源泉徴収\源泉徴収.csproj", "{FD143FE3-4C83-42A8-932E-6EDA05C647F1}"
EndProject
Global
	GlobalSection(SolutionConfigurationPlatforms) = preSolution
		Debug|Any CPU = Debug|Any CPU
		Release|Any CPU = Release|Any CPU
	EndGlobalSection
	GlobalSection(ProjectConfigurationPlatforms) = postSolution
		{3C1E40A4-7B6E-4473-A5B1-0874429D5D7E}.Debug|Any CPU.ActiveCfg = Debug|Any CPU
		{3C1E40A4-7B6E-4473-A5B1-0874429D5D7E}.Debug|Any CPU.Build.0 = Debug|Any CPU
		{3C1E40A4-7B6E-4473-A5B1-0874429D5D7E}.Release|Any CPU.ActiveCfg = Release|Any CPU
		{3C1E40A4-7B6E-4473-A5B1-0874429D5D7E}.Release|Any CPU.Build.0 = Release|Any CPU
		{CCCA1436-C478-4CE0-8485-8681F1FF1332}.Debug|Any CPU.ActiveCfg = Debug|Any CPU
		{CCCA1436-C478-4CE0-8485-8681F1FF1332}.Debug|Any CPU.Build.0 = Debug|Any CPU
		{CCCA1436-C478-4CE0-8485-8681F1FF1332}.Release|Any CPU.ActiveCfg = Release|Any CPU
		{CCCA1436-C478-4CE0-8485-8681F1FF1332}.Release|Any CPU.Build.0 = Release|Any CPU
		{27BA126A-E849-4227-93BD-9A8B842439AF}.Debug|Any CPU.ActiveCfg = Debug|Any CPU
		{27BA126A-E849-4227-93BD-9A8B842439AF}.Debug|Any CPU.Build.0 = Debug|Any CPU
		{27BA126A-E849-4227-93BD-9A8B842439AF}.Release|Any CPU.ActiveCfg = Release|Any CPU
		{27BA126A-E849-4227-93BD-9A8B842439AF}.Release|Any CPU.Build.0 = Release|Any CPU
		{8999BFC5-D518-4ED2-B580-5D4919975599}.Debug|Any CPU.ActiveCfg = Debug|Any CPU
		{8999BFC5-D518-4ED2-B580-5D4919975599}.Debug|Any CPU.Build.0 = Debug|Any CPU
		{8999BFC5-D518-4ED2-B580-5D4919975599}.Release|Any CPU.ActiveCfg = Release|Any CPU
		{8999BFC5-D518-4ED2-B580-5D4919975599}.Release|Any CPU.Build.0 = Release|Any CPU
		{4046490F-6C57-4A2F-ACF0-2E14380DF014}.Debug|Any CPU.ActiveCfg = Debug|Any CPU
		{4046490F-6C57-4A2F-ACF0-2E14380DF014}.Debug|Any CPU.Build.0 = Debug|Any CPU
		{4046490F-6C57-4A2F-ACF0-2E14380DF014}.Release|Any CPU.ActiveCfg = Release|Any CPU
		{4046490F-6C57-4A2F-ACF0-2E14380DF014}.Release|Any CPU.Build.0 = Release|Any CPU
		{BE00CFF7-9C53-41DD-8638-E0EA65DA36EC}.Debug|Any CPU.ActiveCfg = Debug|Any CPU
		{BE00CFF7-9C53-41DD-8638-E0EA65DA36EC}.Debug|Any CPU.Build.0 = Debug|Any CPU
		{BE00CFF7-9C53-41DD-8638-E0EA65DA36EC}.Release|Any CPU.ActiveCfg = Release|Any CPU
		{BE00CFF7-9C53-41DD-8638-E0EA65DA36EC}.Release|Any CPU.Build.0 = Release|Any CPU
		{7D25363E-68CE-4CEA-91AD-D2ABF2FC91DB}.Debug|Any CPU.ActiveCfg = Debug|Any CPU
		{7D25363E-68CE-4CEA-91AD-D2ABF2FC91DB}.Debug|Any CPU.Build.0 = Debug|Any CPU
		{7D25363E-68CE-4CEA-91AD-D2ABF2FC91DB}.Release|Any CPU.ActiveCfg = Release|Any CPU
		{7D25363E-68CE-4CEA-91AD-D2ABF2FC91DB}.Release|Any CPU.Build.0 = Release|Any CPU
		{E08E1721-16E6-428E-BB18-423D8AA4AD4B}.Debug|Any CPU.ActiveCfg = Debug|Any CPU
		{E08E1721-16E6-428E-BB18-423D8AA4AD4B}.Debug|Any CPU.Build.0 = Debug|Any CPU
		{E08E1721-16E6-428E-BB18-423D8AA4AD4B}.Release|Any CPU.ActiveCfg = Release|Any CPU
		{E08E1721-16E6-428E-BB18-423D8AA4AD4B}.Release|Any CPU.Build.0 = Release|Any CPU
		{FD143FE3-4C83-42A8-932E-6EDA05C647F1}.Debug|Any CPU.ActiveCfg = Debug|Any CPU
		{FD143FE3-4C83-42A8-932E-6EDA05C647F1}.Debug|Any CPU.Build.0 = Debug|Any CPU
		{FD143FE3-4C83-42A8-932E-6EDA05C647F1}.Release|Any CPU.ActiveCfg = Release|Any CPU
		{FD143FE3-4C83-42A8-932E-6EDA05C647F1}.Release|Any CPU.Build.0 = Release|Any CPU
	EndGlobalSection
	GlobalSection(SolutionProperties) = preSolution
		HideSolutionNode = FALSE
	EndGlobalSection
EndGlobal
